
Microsoft Visual Studio Solution File, Format Version 12.00
# Visual Studio Version 17
VisualStudioVersion = 17.9.34321.82
MinimumVisualStudioVersion = 10.0.40219.1
Project("{FAE04EC0-301F-11D3-BF4B-00C04F79EFBC}") = "BlazorWebAppWebAssembly", "BlazorWebAppWebAssembly\BlazorWebAppWebAssembly\BlazorWebAppWebAssembly.csproj", "{41EA2065-6682-4067-BCFB-E76829CC5B7E}"
EndProject
Project("{FAE04EC0-301F-11D3-BF4B-00C04F79EFBC}") = "BlazorWebAppWebAssembly.Client", "BlazorWebAppWebAssembly\BlazorWebAppWebAssembly.Client\BlazorWebAppWebAssembly.Client.csproj", "{7358ACC4-003A-415E-A2E3-60A438DF43C8}"
EndProject
Global
	GlobalSection(SolutionConfigurationPlatforms) = preSolution
		Debug|Any CPU = Debug|Any CPU
		Release|Any CPU = Release|Any CPU
	EndGlobalSection
	GlobalSection(ProjectConfigurationPlatforms) = postSolution
		{41EA2065-6682-4067-BCFB-E76829CC5B7E}.Debug|Any CPU.ActiveCfg = Debug|Any CPU
		{41EA2065-6682-4067-BCFB-E76829CC5B7E}.Debug|Any CPU.Build.0 = Debug|Any CPU
		{41EA2065-6682-4067-BCFB-E76829CC5B7E}.Release|Any CPU.ActiveCfg = Release|Any CPU
		{41EA2065-6682-4067-BCFB-E76829CC5B7E}.Release|Any CPU.Build.0 = Release|Any CPU
		{7358ACC4-003A-415E-A2E3-60A438DF43C8}.Debug|Any CPU.ActiveCfg = Debug|Any CPU
		{7358ACC4-003A-415E-A2E3-60A438DF43C8}.Debug|Any CPU.Build.0 = Debug|Any CPU
		{7358ACC4-003A-415E-A2E3-60A438DF43C8}.Release|Any CPU.ActiveCfg = Release|Any CPU
		{7358ACC4-003A-415E-A2E3-60A438DF43C8}.Release|Any CPU.Build.0 = Release|Any CPU
	EndGlobalSection
	GlobalSection(SolutionProperties) = preSolution
		HideSolutionNode = FALSE
	EndGlobalSection
	GlobalSection(ExtensibilityGlobals) = postSolution
		SolutionGuid = {A0CC9C9C-2E9E-4D18-AA67-1312569F0A02}
	EndGlobalSection
EndGlobal
