
Microsoft Visual Studio Solution File, Format Version 12.00
# Visual Studio Version 17
VisualStudioVersion = 17.9.34321.82
MinimumVisualStudioVersion = 10.0.40219.1
Project("{FAE04EC0-301F-11D3-BF4B-00C04F79EFBC}") = "BlazorWebAppStatic", "BlazorWebAppStatic\BlazorWebAppStatic.csproj", "{01119B05-7641-4C06-9D6A-FC557DB77312}"
EndProject
Global
	GlobalSection(SolutionConfigurationPlatforms) = preSolution
		Debug|Any CPU = Debug|Any CPU
		Release|Any CPU = Release|Any CPU
	EndGlobalSection
	GlobalSection(ProjectConfigurationPlatforms) = postSolution
		{01119B05-7641-4C06-9D6A-FC557DB77312}.Debug|Any CPU.ActiveCfg = Debug|Any CPU
		{01119B05-7641-4C06-9D6A-FC557DB77312}.Debug|Any CPU.Build.0 = Debug|Any CPU
		{01119B05-7641-4C06-9D6A-FC557DB77312}.Release|Any CPU.ActiveCfg = Release|Any CPU
		{01119B05-7641-4C06-9D6A-FC557DB77312}.Release|Any CPU.Build.0 = Release|Any CPU
	EndGlobalSection
	GlobalSection(SolutionProperties) = preSolution
		HideSolutionNode = FALSE
	EndGlobalSection
	GlobalSection(ExtensibilityGlobals) = postSolution
		SolutionGuid = {9FAEA241-39A5-462D-A9D7-30B41E8985F3}
	EndGlobalSection
EndGlobal
